
Microsoft Visual Studio Solution File, Format Version 12.00
Project("{FAE04EC0-301F-11D3-BF4B-00C04F79EFBC}") = "Web", "Web\Web.csproj", "{BACB6BEE-3ED9-4F58-851E-723D16A91379}"
EndProject
Project("{FAE04EC0-301F-11D3-BF4B-00C04F79EFBC}") = "Api", "Api\Api.csproj", "{8FECAEE0-731B-4CD9-8DE2-6E7C381408FF}"
EndProject
Project("{FAE04EC0-301F-11D3-BF4B-00C04F79EFBC}") = "Shared", "Shared\Shared.csproj", "{8236E3F4-9D86-48A9-BDC5-BE05024DC9C1}"
EndProject
Project("{FAE04EC0-301F-11D3-BF4B-00C04F79EFBC}") = "ExperimentsWithRecords", "ExperimentsWithRecords\ExperimentsWithRecords.csproj", "{4E0F1CB5-B091-4B0F-BF97-E72EB0360C3A}"
EndProject
Global
	GlobalSection(SolutionConfigurationPlatforms) = preSolution
		Debug|Any CPU = Debug|Any CPU
		Release|Any CPU = Release|Any CPU
	EndGlobalSection
	GlobalSection(ProjectConfigurationPlatforms) = postSolution
		{BACB6BEE-3ED9-4F58-851E-723D16A91379}.Debug|Any CPU.ActiveCfg = Debug|Any CPU
		{BACB6BEE-3ED9-4F58-851E-723D16A91379}.Debug|Any CPU.Build.0 = Debug|Any CPU
		{BACB6BEE-3ED9-4F58-851E-723D16A91379}.Release|Any CPU.ActiveCfg = Release|Any CPU
		{BACB6BEE-3ED9-4F58-851E-723D16A91379}.Release|Any CPU.Build.0 = Release|Any CPU
		{8FECAEE0-731B-4CD9-8DE2-6E7C381408FF}.Debug|Any CPU.ActiveCfg = Debug|Any CPU
		{8FECAEE0-731B-4CD9-8DE2-6E7C381408FF}.Debug|Any CPU.Build.0 = Debug|Any CPU
		{8FECAEE0-731B-4CD9-8DE2-6E7C381408FF}.Release|Any CPU.ActiveCfg = Release|Any CPU
		{8FECAEE0-731B-4CD9-8DE2-6E7C381408FF}.Release|Any CPU.Build.0 = Release|Any CPU
		{8236E3F4-9D86-48A9-BDC5-BE05024DC9C1}.Debug|Any CPU.ActiveCfg = Debug|Any CPU
		{8236E3F4-9D86-48A9-BDC5-BE05024DC9C1}.Debug|Any CPU.Build.0 = Debug|Any CPU
		{8236E3F4-9D86-48A9-BDC5-BE05024DC9C1}.Release|Any CPU.ActiveCfg = Release|Any CPU
		{8236E3F4-9D86-48A9-BDC5-BE05024DC9C1}.Release|Any CPU.Build.0 = Release|Any CPU
		{4E0F1CB5-B091-4B0F-BF97-E72EB0360C3A}.Debug|Any CPU.ActiveCfg = Debug|Any CPU
		{4E0F1CB5-B091-4B0F-BF97-E72EB0360C3A}.Debug|Any CPU.Build.0 = Debug|Any CPU
		{4E0F1CB5-B091-4B0F-BF97-E72EB0360C3A}.Release|Any CPU.ActiveCfg = Release|Any CPU
		{4E0F1CB5-B091-4B0F-BF97-E72EB0360C3A}.Release|Any CPU.Build.0 = Release|Any CPU
	EndGlobalSection
EndGlobal
